// !$*UTF8*$!
{
	archiveVersion = 1;
	classes = {
	};
	objectVersion = 55;
	objects = {

/* Begin PBXBuildFile section */
		9A42229C29277CC100937D66 /* Assets.xcassets in Resources */ = {isa = PBXBuildFile; fileRef = 9A42229B29277CC100937D66 /* Assets.xcassets */; };
		9A4222C629277CDE00937D66 /* interop2.m in Sources */ = {isa = PBXBuildFile; fileRef = 9A42229E29277CDE00937D66 /* interop2.m */; };
		9A4222C729277CDE00937D66 /* vm_data_access.c in Sources */ = {isa = PBXBuildFile; fileRef = 9A4222C229277CDE00937D66 /* vm_data_access.c */; };
		9A4222C829277CDE00937D66 /* vm.c in Sources */ = {isa = PBXBuildFile; fileRef = 9A4222C429277CDE00937D66 /* vm.c */; };
		9A4222D029277D5000937D66 /* SwiftVMFunc.swift in Sources */ = {isa = PBXBuildFile; fileRef = 9A4222CB29277D5000937D66 /* SwiftVMFunc.swift */; };
		9A4222D129277D5000937D66 /* CPDevVMApp.swift in Sources */ = {isa = PBXBuildFile; fileRef = 9A4222CC29277D5000937D66 /* CPDevVMApp.swift */; };
		9A4222D229277D5000937D66 /* DaneST.swift in Sources */ = {isa = PBXBuildFile; fileRef = 9A4222CD29277D5000937D66 /* DaneST.swift */; };
		9A4222D329277D5000937D66 /* ContentView.swift in Sources */ = {isa = PBXBuildFile; fileRef = 9A4222CE29277D5000937D66 /* ContentView.swift */; };
/* End PBXBuildFile section */

/* Begin PBXFileReference section */
		9A42229B29277CC100937D66 /* Assets.xcassets */ = {isa = PBXFileReference; lastKnownFileType = folder.assetcatalog; name = Assets.xcassets; path = CPDevVM/Assets.xcassets; sourceTree = "<group>"; };
		9A42229E29277CDE00937D66 /* interop2.m */ = {isa = PBXFileReference; fileEncoding = 4; lastKnownFileType = sourcecode.c.objc; path = interop2.m; sourceTree = "<group>"; };
		9A42229F29277CDE00937D66 /* vmtaskclass.h */ = {isa = PBXFileReference; fileEncoding = 4; lastKnownFileType = sourcecode.c.h; path = vmtaskclass.h; sourceTree = "<group>"; };
		9A4222A129277CDE00937D66 /* vmdef.h */ = {isa = PBXFileReference; fileEncoding = 4; lastKnownFileType = sourcecode.c.h; path = vmdef.h; sourceTree = "<group>"; };
		9A4222A229277CDE00937D66 /* vmregisters.h */ = {isa = PBXFileReference; fileEncoding = 4; lastKnownFileType = sourcecode.c.h; path = vmregisters.h; sourceTree = "<group>"; };
		9A4222A329277CDE00937D66 /* vm_cfg.h */ = {isa = PBXFileReference; fileEncoding = 4; lastKnownFileType = sourcecode.c.h; path = vm_cfg.h; sourceTree = "<group>"; };
		9A4222A529277CDE00937D66 /* vmc_mul.h */ = {isa = PBXFileReference; fileEncoding = 4; lastKnownFileType = sourcecode.c.h; path = vmc_mul.h; sourceTree = "<group>"; };
		9A4222A629277CDE00937D66 /* vmc_custom.h */ = {isa = PBXFileReference; fileEncoding = 4; lastKnownFileType = sourcecode.c.h; path = vmc_custom.h; sourceTree = "<group>"; };
		9A4222A729277CDE00937D66 /* vmc_max.h */ = {isa = PBXFileReference; fileEncoding = 4; lastKnownFileType = sourcecode.c.h; path = vmc_max.h; sourceTree = "<group>"; };
		9A4222A829277CDE00937D66 /* vmc_limit.h */ = {isa = PBXFileReference; fileEncoding = 4; lastKnownFileType = sourcecode.c.h; path = vmc_limit.h; sourceTree = "<group>"; };
		9A4222A929277CDE00937D66 /* vmc_sysmem.h */ = {isa = PBXFileReference; fileEncoding = 4; lastKnownFileType = sourcecode.c.h; path = vmc_sysmem.h; sourceTree = "<group>"; };
		9A4222AA29277CDE00937D66 /* vmc_datetime.h */ = {isa = PBXFileReference; fileEncoding = 4; lastKnownFileType = sourcecode.c.h; path = vmc_datetime.h; sourceTree = "<group>"; };
		9A4222AB29277CDE00937D66 /* vmc_shi_rot.h */ = {isa = PBXFileReference; fileEncoding = 4; lastKnownFileType = sourcecode.c.h; path = vmc_shi_rot.h; sourceTree = "<group>"; };
		9A4222AC29277CDE00937D66 /* vmc_sel.h */ = {isa = PBXFileReference; fileEncoding = 4; lastKnownFileType = sourcecode.c.h; path = vmc_sel.h; sourceTree = "<group>"; };
		9A4222AD29277CDE00937D66 /* vmc_xor.h */ = {isa = PBXFileReference; fileEncoding = 4; lastKnownFileType = sourcecode.c.h; path = vmc_xor.h; sourceTree = "<group>"; };
		9A4222AE29277CDE00937D66 /* vmc_sysctrl.h */ = {isa = PBXFileReference; fileEncoding = 4; lastKnownFileType = sourcecode.c.h; path = vmc_sysctrl.h; sourceTree = "<group>"; };
		9A4222AF29277CDE00937D66 /* vmc_and.h */ = {isa = PBXFileReference; fileEncoding = 4; lastKnownFileType = sourcecode.c.h; path = vmc_and.h; sourceTree = "<group>"; };
		9A4222B029277CDE00937D66 /* vmc_min.h */ = {isa = PBXFileReference; fileEncoding = 4; lastKnownFileType = sourcecode.c.h; path = vmc_min.h; sourceTree = "<group>"; };
		9A4222B129277CDE00937D66 /* vmc_or.h */ = {isa = PBXFileReference; fileEncoding = 4; lastKnownFileType = sourcecode.c.h; path = vmc_or.h; sourceTree = "<group>"; };
		9A4222B229277CDE00937D66 /* vmc_pointers.h */ = {isa = PBXFileReference; fileEncoding = 4; lastKnownFileType = sourcecode.c.h; path = vmc_pointers.h; sourceTree = "<group>"; };
		9A4222B329277CDE00937D66 /* vmc_exp_abs.h */ = {isa = PBXFileReference; fileEncoding = 4; lastKnownFileType = sourcecode.c.h; path = vmc_exp_abs.h; sourceTree = "<group>"; };
		9A4222B429277CDE00937D66 /* vmc_eqne.h */ = {isa = PBXFileReference; fileEncoding = 4; lastKnownFileType = sourcecode.c.h; path = vmc_eqne.h; sourceTree = "<group>"; };
		9A4222B529277CDE00937D66 /* vmc_mux.h */ = {isa = PBXFileReference; fileEncoding = 4; lastKnownFileType = sourcecode.c.h; path = vmc_mux.h; sourceTree = "<group>"; };
		9A4222B629277CDE00937D66 /* vmc_conv.h */ = {isa = PBXFileReference; fileEncoding = 4; lastKnownFileType = sourcecode.c.h; path = vmc_conv.h; sourceTree = "<group>"; };
		9A4222B729277CDE00937D66 /* vm_lib.h */ = {isa = PBXFileReference; fileEncoding = 4; lastKnownFileType = sourcecode.c.h; path = vm_lib.h; sourceTree = "<group>"; };
		9A4222B829277CDE00937D66 /* vmc_add.h */ = {isa = PBXFileReference; fileEncoding = 4; lastKnownFileType = sourcecode.c.h; path = vmc_add.h; sourceTree = "<group>"; };
		9A4222B929277CDE00937D66 /* vmc_neg_not.h */ = {isa = PBXFileReference; fileEncoding = 4; lastKnownFileType = sourcecode.c.h; path = vmc_neg_not.h; sourceTree = "<group>"; };
		9A4222BA29277CDE00937D66 /* vmc_sub.h */ = {isa = PBXFileReference; fileEncoding = 4; lastKnownFileType = sourcecode.c.h; path = vmc_sub.h; sourceTree = "<group>"; };
		9A4222BB29277CDE00937D66 /* vmc_gtge.h */ = {isa = PBXFileReference; fileEncoding = 4; lastKnownFileType = sourcecode.c.h; path = vmc_gtge.h; sourceTree = "<group>"; };
		9A4222BC29277CDE00937D66 /* vmc_string.h */ = {isa = PBXFileReference; fileEncoding = 4; lastKnownFileType = sourcecode.c.h; path = vmc_string.h; sourceTree = "<group>"; };
		9A4222BD29277CDE00937D66 /* vmc_ltle.h */ = {isa = PBXFileReference; fileEncoding = 4; lastKnownFileType = sourcecode.c.h; path = vmc_ltle.h; sourceTree = "<group>"; };
		9A4222BE29277CDE00937D66 /* vmc_div_mod.h */ = {isa = PBXFileReference; fileEncoding = 4; lastKnownFileType = sourcecode.c.h; path = vmc_div_mod.h; sourceTree = "<group>"; };
		9A4222BF29277CDE00937D66 /* vmplatform.h */ = {isa = PBXFileReference; fileEncoding = 4; lastKnownFileType = sourcecode.c.h; path = vmplatform.h; sourceTree = "<group>"; };
		9A4222C129277CDE00937D66 /* vm_stack.h */ = {isa = PBXFileReference; fileEncoding = 4; lastKnownFileType = sourcecode.c.h; path = vm_stack.h; sourceTree = "<group>"; };
		9A4222C229277CDE00937D66 /* vm_data_access.c */ = {isa = PBXFileReference; fileEncoding = 4; lastKnownFileType = sourcecode.c.c; path = vm_data_access.c; sourceTree = "<group>"; };
		9A4222C329277CDE00937D66 /* vm_data_access.h */ = {isa = PBXFileReference; fileEncoding = 4; lastKnownFileType = sourcecode.c.h; path = vm_data_access.h; sourceTree = "<group>"; };
		9A4222C429277CDE00937D66 /* vm.c */ = {isa = PBXFileReference; fileEncoding = 4; lastKnownFileType = sourcecode.c.c; path = vm.c; sourceTree = "<group>"; };
		9A4222C529277CDE00937D66 /* vm.h */ = {isa = PBXFileReference; fileEncoding = 4; lastKnownFileType = sourcecode.c.h; path = vm.h; sourceTree = "<group>"; };
		9A4222CB29277D5000937D66 /* SwiftVMFunc.swift */ = {isa = PBXFileReference; fileEncoding = 4; lastKnownFileType = sourcecode.swift; name = SwiftVMFunc.swift; path = CPDevVM/SwiftVMFunc.swift; sourceTree = "<group>"; };
		9A4222CC29277D5000937D66 /* CPDevVMApp.swift */ = {isa = PBXFileReference; fileEncoding = 4; lastKnownFileType = sourcecode.swift; name = CPDevVMApp.swift; path = CPDevVM/CPDevVMApp.swift; sourceTree = "<group>"; };
		9A4222CD29277D5000937D66 /* DaneST.swift */ = {isa = PBXFileReference; fileEncoding = 4; lastKnownFileType = sourcecode.swift; name = DaneST.swift; path = CPDevVM/DaneST.swift; sourceTree = "<group>"; };
		9A4222CE29277D5000937D66 /* ContentView.swift */ = {isa = PBXFileReference; fileEncoding = 4; lastKnownFileType = sourcecode.swift; name = ContentView.swift; path = CPDevVM/ContentView.swift; sourceTree = "<group>"; };
		9AC525E7291E5E8000C45F86 /* Bridging-Header.h */ = {isa = PBXFileReference; explicitFileType = sourcecode.cpp.h; path = "Bridging-Header.h"; sourceTree = "<group>"; };
		9ACD1542285B9EFA001ABCEB /* CPDevVM.app */ = {isa = PBXFileReference; explicitFileType = wrapper.application; includeInIndex = 0; path = CPDevVM.app; sourceTree = BUILT_PRODUCTS_DIR; };
		9AD8B01B29703AAC00C238DA /* vmios.h */ = {isa = PBXFileReference; lastKnownFileType = sourcecode.c.h; path = vmios.h; sourceTree = "<group>"; };
/* End PBXFileReference section */

/* Begin PBXFrameworksBuildPhase section */
		9ACD153F285B9EFA001ABCEB /* Frameworks */ = {
			isa = PBXFrameworksBuildPhase;
			buildActionMask = 2147483647;
			files = (
			);
			runOnlyForDeploymentPostprocessing = 0;
		};
/* End PBXFrameworksBuildPhase section */

/* Begin PBXGroup section */
		9A30E8EB29682883002F1E94 /* Recovered References */ = {
			isa = PBXGroup;
			children = (
			);
			name = "Recovered References";
			sourceTree = "<group>";
		};
		9A42229D29277CDE00937D66 /* vm */ = {
			isa = PBXGroup;
			children = (
				9A4222C029277CDE00937D66 /* vmfunc */,
				9A4222A429277CDE00937D66 /* vmlib */,
				9A4222A029277CDE00937D66 /* vmspec */,
				9AD8B01B29703AAC00C238DA /* vmios.h */,
				9A42229F29277CDE00937D66 /* vmtaskclass.h */,
				9A4222A229277CDE00937D66 /* vmregisters.h */,
				9A4222A329277CDE00937D66 /* vm_cfg.h */,
				9A4222BF29277CDE00937D66 /* vmplatform.h */,
				9A4222C429277CDE00937D66 /* vm.c */,
				9A4222C529277CDE00937D66 /* vm.h */,
				9A42229E29277CDE00937D66 /* interop2.m */,
			);
			name = vm;
			path = CPDevVM/vm;
			sourceTree = "<group>";
		};
		9A4222A029277CDE00937D66 /* vmspec */ = {
			isa = PBXGroup;
			children = (
				9A4222A129277CDE00937D66 /* vmdef.h */,
			);
			path = vmspec;
			sourceTree = "<group>";
		};
		9A4222A429277CDE00937D66 /* vmlib */ = {
			isa = PBXGroup;
			children = (
				9A4222A529277CDE00937D66 /* vmc_mul.h */,
				9A4222A629277CDE00937D66 /* vmc_custom.h */,
				9A4222A729277CDE00937D66 /* vmc_max.h */,
				9A4222A829277CDE00937D66 /* vmc_limit.h */,
				9A4222A929277CDE00937D66 /* vmc_sysmem.h */,
				9A4222AA29277CDE00937D66 /* vmc_datetime.h */,
				9A4222AB29277CDE00937D66 /* vmc_shi_rot.h */,
				9A4222AC29277CDE00937D66 /* vmc_sel.h */,
				9A4222AD29277CDE00937D66 /* vmc_xor.h */,
				9A4222AE29277CDE00937D66 /* vmc_sysctrl.h */,
				9A4222AF29277CDE00937D66 /* vmc_and.h */,
				9A4222B029277CDE00937D66 /* vmc_min.h */,
				9A4222B129277CDE00937D66 /* vmc_or.h */,
				9A4222B229277CDE00937D66 /* vmc_pointers.h */,
				9A4222B329277CDE00937D66 /* vmc_exp_abs.h */,
				9A4222B429277CDE00937D66 /* vmc_eqne.h */,
				9A4222B529277CDE00937D66 /* vmc_mux.h */,
				9A4222B629277CDE00937D66 /* vmc_conv.h */,
				9A4222B729277CDE00937D66 /* vm_lib.h */,
				9A4222B829277CDE00937D66 /* vmc_add.h */,
				9A4222B929277CDE00937D66 /* vmc_neg_not.h */,
				9A4222BA29277CDE00937D66 /* vmc_sub.h */,
				9A4222BB29277CDE00937D66 /* vmc_gtge.h */,
				9A4222BC29277CDE00937D66 /* vmc_string.h */,
				9A4222BD29277CDE00937D66 /* vmc_ltle.h */,
				9A4222BE29277CDE00937D66 /* vmc_div_mod.h */,
			);
			path = vmlib;
			sourceTree = "<group>";
		};
		9A4222C029277CDE00937D66 /* vmfunc */ = {
			isa = PBXGroup;
			children = (
				9A4222C129277CDE00937D66 /* vm_stack.h */,
				9A4222C229277CDE00937D66 /* vm_data_access.c */,
				9A4222C329277CDE00937D66 /* vm_data_access.h */,
			);
			path = vmfunc;
			sourceTree = "<group>";
		};
		9ACD1539285B9EFA001ABCEB = {
			isa = PBXGroup;
			children = (
				9A42229D29277CDE00937D66 /* vm */,
				9A4222CE29277D5000937D66 /* ContentView.swift */,
				9A4222CC29277D5000937D66 /* CPDevVMApp.swift */,
				9A4222CD29277D5000937D66 /* DaneST.swift */,
				9AC525E7291E5E8000C45F86 /* Bridging-Header.h */,
				9A4222CB29277D5000937D66 /* SwiftVMFunc.swift */,
				9A42229B29277CC100937D66 /* Assets.xcassets */,
				9ACD1543285B9EFA001ABCEB /* Products */,
				9A30E8EB29682883002F1E94 /* Recovered References */,
			);
			sourceTree = "<group>";
		};
		9ACD1543285B9EFA001ABCEB /* Products */ = {
			isa = PBXGroup;
			children = (
				9ACD1542285B9EFA001ABCEB /* CPDevVM.app */,
			);
			name = Products;
			sourceTree = "<group>";
		};
/* End PBXGroup section */

/* Begin PBXNativeTarget section */
		9ACD1541285B9EFA001ABCEB /* CPDevVM */ = {
			isa = PBXNativeTarget;
			buildConfigurationList = 9ACD1550285B9EFC001ABCEB /* Build configuration list for PBXNativeTarget "CPDevVM" */;
			buildPhases = (
				9ACD153E285B9EFA001ABCEB /* Sources */,
				9ACD153F285B9EFA001ABCEB /* Frameworks */,
				9ACD1540285B9EFA001ABCEB /* Resources */,
			);
			buildRules = (
			);
			dependencies = (
			);
			name = CPDevVM;
			productName = CPDevVM;
			productReference = 9ACD1542285B9EFA001ABCEB /* CPDevVM.app */;
			productType = "com.apple.product-type.application";
		};
/* End PBXNativeTarget section */

/* Begin PBXProject section */
		9ACD153A285B9EFA001ABCEB /* Project object */ = {
			isa = PBXProject;
			attributes = {
				BuildIndependentTargetsInParallel = 1;
				LastSwiftUpdateCheck = 1340;
				LastUpgradeCheck = 1340;
				TargetAttributes = {
					9ACD1541285B9EFA001ABCEB = {
						CreatedOnToolsVersion = 13.4.1;
					};
				};
			};
			buildConfigurationList = 9ACD153D285B9EFA001ABCEB /* Build configuration list for PBXProject "CPDevVM" */;
			compatibilityVersion = "Xcode 13.0";
			developmentRegion = en;
			hasScannedForEncodings = 0;
			knownRegions = (
				en,
				Base,
			);
			mainGroup = 9ACD1539285B9EFA001ABCEB;
			productRefGroup = 9ACD1543285B9EFA001ABCEB /* Products */;
			projectDirPath = "";
			projectRoot = "";
			targets = (
				9ACD1541285B9EFA001ABCEB /* CPDevVM */,
			);
		};
/* End PBXProject section */

/* Begin PBXResourcesBuildPhase section */
		9ACD1540285B9EFA001ABCEB /* Resources */ = {
			isa = PBXResourcesBuildPhase;
			buildActionMask = 2147483647;
			files = (
				9A42229C29277CC100937D66 /* Assets.xcassets in Resources */,
			);
			runOnlyForDeploymentPostprocessing = 0;
		};
/* End PBXResourcesBuildPhase section */

/* Begin PBXSourcesBuildPhase section */
		9ACD153E285B9EFA001ABCEB /* Sources */ = {
			isa = PBXSourcesBuildPhase;
			buildActionMask = 2147483647;
			files = (
				9A4222C629277CDE00937D66 /* interop2.m in Sources */,
				9A4222D029277D5000937D66 /* SwiftVMFunc.swift in Sources */,
				9A4222D129277D5000937D66 /* CPDevVMApp.swift in Sources */,
				9A4222C829277CDE00937D66 /* vm.c in Sources */,
				9A4222C729277CDE00937D66 /* vm_data_access.c in Sources */,
				9A4222D329277D5000937D66 /* ContentView.swift in Sources */,
				9A4222D229277D5000937D66 /* DaneST.swift in Sources */,
			);
			runOnlyForDeploymentPostprocessing = 0;
		};
/* End PBXSourcesBuildPhase section */

/* Begin XCBuildConfiguration section */
		9ACD154E285B9EFC001ABCEB /* Debug */ = {
			isa = XCBuildConfiguration;
			buildSettings = {
				ALWAYS_SEARCH_USER_PATHS = NO;
				CLANG_ANALYZER_NONNULL = YES;
				CLANG_ANALYZER_NUMBER_OBJECT_CONVERSION = YES_AGGRESSIVE;
				CLANG_CXX_LANGUAGE_STANDARD = "gnu++17";
				CLANG_ENABLE_MODULES = YES;
				CLANG_ENABLE_OBJC_ARC = YES;
				CLANG_ENABLE_OBJC_WEAK = YES;
				CLANG_WARN_BLOCK_CAPTURE_AUTORELEASING = YES;
				CLANG_WARN_BOOL_CONVERSION = YES;
				CLANG_WARN_COMMA = YES;
				CLANG_WARN_CONSTANT_CONVERSION = YES;
				CLANG_WARN_DEPRECATED_OBJC_IMPLEMENTATIONS = YES;
				CLANG_WARN_DIRECT_OBJC_ISA_USAGE = YES_ERROR;
				CLANG_WARN_DOCUMENTATION_COMMENTS = YES;
				CLANG_WARN_EMPTY_BODY = YES;
				CLANG_WARN_ENUM_CONVERSION = YES;
				CLANG_WARN_INFINITE_RECURSION = YES;
				CLANG_WARN_INT_CONVERSION = YES;
				CLANG_WARN_NON_LITERAL_NULL_CONVERSION = YES;
				CLANG_WARN_OBJC_IMPLICIT_RETAIN_SELF = YES;
				CLANG_WARN_OBJC_LITERAL_CONVERSION = YES;
				CLANG_WARN_OBJC_ROOT_CLASS = YES_ERROR;
				CLANG_WARN_QUOTED_INCLUDE_IN_FRAMEWORK_HEADER = YES;
				CLANG_WARN_RANGE_LOOP_ANALYSIS = YES;
				CLANG_WARN_STRICT_PROTOTYPES = YES;
				CLANG_WARN_SUSPICIOUS_MOVE = YES;
				CLANG_WARN_UNGUARDED_AVAILABILITY = YES_AGGRESSIVE;
				CLANG_WARN_UNREACHABLE_CODE = YES;
				CLANG_WARN__DUPLICATE_METHOD_MATCH = YES;
				COPY_PHASE_STRIP = NO;
				DEBUG_INFORMATION_FORMAT = dwarf;
				ENABLE_STRICT_OBJC_MSGSEND = YES;
				ENABLE_TESTABILITY = YES;
				GCC_C_LANGUAGE_STANDARD = gnu11;
				GCC_DYNAMIC_NO_PIC = NO;
				GCC_NO_COMMON_BLOCKS = NO;
				GCC_OPTIMIZATION_LEVEL = 0;
				GCC_PREPROCESSOR_DEFINITIONS = (
					"DEBUG=1",
					"$(inherited)",
				);
				GCC_WARN_64_TO_32_BIT_CONVERSION = YES;
				GCC_WARN_ABOUT_RETURN_TYPE = YES_ERROR;
				GCC_WARN_UNDECLARED_SELECTOR = YES;
				GCC_WARN_UNINITIALIZED_AUTOS = YES_AGGRESSIVE;
				GCC_WARN_UNUSED_FUNCTION = YES;
				GCC_WARN_UNUSED_VARIABLE = YES;
				IPHONEOS_DEPLOYMENT_TARGET = 15.5;
				MTL_ENABLE_DEBUG_INFO = INCLUDE_SOURCE;
				MTL_FAST_MATH = YES;
				ONLY_ACTIVE_ARCH = YES;
				SDKROOT = iphoneos;
				SWIFT_ACTIVE_COMPILATION_CONDITIONS = DEBUG;
				SWIFT_OPTIMIZATION_LEVEL = "-Onone";
			};
			name = Debug;
		};
		9ACD154F285B9EFC001ABCEB /* Release */ = {
			isa = XCBuildConfiguration;
			buildSettings = {
				ALWAYS_SEARCH_USER_PATHS = NO;
				CLANG_ANALYZER_NONNULL = YES;
				CLANG_ANALYZER_NUMBER_OBJECT_CONVERSION = YES_AGGRESSIVE;
				CLANG_CXX_LANGUAGE_STANDARD = "gnu++17";
				CLANG_ENABLE_MODULES = YES;
				CLANG_ENABLE_OBJC_ARC = YES;
				CLANG_ENABLE_OBJC_WEAK = YES;
				CLANG_WARN_BLOCK_CAPTURE_AUTORELEASING = YES;
				CLANG_WARN_BOOL_CONVERSION = YES;
				CLANG_WARN_COMMA = YES;
				CLANG_WARN_CONSTANT_CONVERSION = YES;
				CLANG_WARN_DEPRECATED_OBJC_IMPLEMENTATIONS = YES;
				CLANG_WARN_DIRECT_OBJC_ISA_USAGE = YES_ERROR;
				CLANG_WARN_DOCUMENTATION_COMMENTS = YES;
				CLANG_WARN_EMPTY_BODY = YES;
				CLANG_WARN_ENUM_CONVERSION = YES;
				CLANG_WARN_INFINITE_RECURSION = YES;
				CLANG_WARN_INT_CONVERSION = YES;
				CLANG_WARN_NON_LITERAL_NULL_CONVERSION = YES;
				CLANG_WARN_OBJC_IMPLICIT_RETAIN_SELF = YES;
				CLANG_WARN_OBJC_LITERAL_CONVERSION = YES;
				CLANG_WARN_OBJC_ROOT_CLASS = YES_ERROR;
				CLANG_WARN_QUOTED_INCLUDE_IN_FRAMEWORK_HEADER = YES;
				CLANG_WARN_RANGE_LOOP_ANALYSIS = YES;
				CLANG_WARN_STRICT_PROTOTYPES = YES;
				CLANG_WARN_SUSPICIOUS_MOVE = YES;
				CLANG_WARN_UNGUARDED_AVAILABILITY = YES_AGGRESSIVE;
				CLANG_WARN_UNREACHABLE_CODE = YES;
				CLANG_WARN__DUPLICATE_METHOD_MATCH = YES;
				COPY_PHASE_STRIP = NO;
				DEBUG_INFORMATION_FORMAT = "dwarf-with-dsym";
				ENABLE_NS_ASSERTIONS = NO;
				ENABLE_STRICT_OBJC_MSGSEND = YES;
				GCC_C_LANGUAGE_STANDARD = gnu11;
				GCC_NO_COMMON_BLOCKS = NO;
				GCC_WARN_64_TO_32_BIT_CONVERSION = YES;
				GCC_WARN_ABOUT_RETURN_TYPE = YES_ERROR;
				GCC_WARN_UNDECLARED_SELECTOR = YES;
				GCC_WARN_UNINITIALIZED_AUTOS = YES_AGGRESSIVE;
				GCC_WARN_UNUSED_FUNCTION = YES;
				GCC_WARN_UNUSED_VARIABLE = YES;
				IPHONEOS_DEPLOYMENT_TARGET = 15.5;
				MTL_ENABLE_DEBUG_INFO = NO;
				MTL_FAST_MATH = YES;
				SDKROOT = iphoneos;
				SWIFT_COMPILATION_MODE = wholemodule;
				SWIFT_OPTIMIZATION_LEVEL = "-O";
				VALIDATE_PRODUCT = YES;
			};
			name = Release;
		};
		9ACD1551285B9EFC001ABCEB /* Debug */ = {
			isa = XCBuildConfiguration;
			buildSettings = {
				ASSETCATALOG_COMPILER_APPICON_NAME = AppIcon;
				ASSETCATALOG_COMPILER_GLOBAL_ACCENT_COLOR_NAME = AccentColor;
				CODE_SIGN_STYLE = Automatic;
				CURRENT_PROJECT_VERSION = 1;
				DEVELOPMENT_ASSET_PATHS = "\"CPDevVM/Preview Content\"";
				DEVELOPMENT_TEAM = F676ZUNL45;
				ENABLE_PREVIEWS = YES;
				GENERATE_INFOPLIST_FILE = YES;
				INFOPLIST_KEY_UIApplicationSceneManifest_Generation = YES;
				INFOPLIST_KEY_UIApplicationSupportsIndirectInputEvents = YES;
				INFOPLIST_KEY_UILaunchScreen_Generation = YES;
				INFOPLIST_KEY_UISupportedInterfaceOrientations_iPad = "UIInterfaceOrientationPortrait UIInterfaceOrientationPortraitUpsideDown UIInterfaceOrientationLandscapeLeft UIInterfaceOrientationLandscapeRight";
				INFOPLIST_KEY_UISupportedInterfaceOrientations_iPhone = "UIInterfaceOrientationPortrait UIInterfaceOrientationLandscapeLeft UIInterfaceOrientationLandscapeRight";
				LD_RUNPATH_SEARCH_PATHS = (
					"$(inherited)",
					"@executable_path/Frameworks",
				);
				MARKETING_VERSION = 1.0;
				PRODUCT_BUNDLE_IDENTIFIER = com.nackin.CPDevVM;
				PRODUCT_NAME = "$(TARGET_NAME)";
				SWIFT_EMIT_LOC_STRINGS = YES;
				SWIFT_OBJC_BRIDGING_HEADER = "Bridging-Header.h";
				SWIFT_VERSION = 5.0;
				TARGETED_DEVICE_FAMILY = "1,2";
			};
			name = Debug;
		};
		9ACD1552285B9EFC001ABCEB /* Release */ = {
			isa = XCBuildConfiguration;
			buildSettings = {
				ASSETCATALOG_COMPILER_APPICON_NAME = AppIcon;
				ASSETCATALOG_COMPILER_GLOBAL_ACCENT_COLOR_NAME = AccentColor;
				CODE_SIGN_STYLE = Automatic;
				CURRENT_PROJECT_VERSION = 1;
				DEVELOPMENT_ASSET_PATHS = "\"CPDevVM/Preview Content\"";
				DEVELOPMENT_TEAM = F676ZUNL45;
				ENABLE_PREVIEWS = YES;
				GENERATE_INFOPLIST_FILE = YES;
				INFOPLIST_KEY_UIApplicationSceneManifest_Generation = YES;
				INFOPLIST_KEY_UIApplicationSupportsIndirectInputEvents = YES;
				INFOPLIST_KEY_UILaunchScreen_Generation = YES;
				INFOPLIST_KEY_UISupportedInterfaceOrientations_iPad = "UIInterfaceOrientationPortrait UIInterfaceOrientationPortraitUpsideDown UIInterfaceOrientationLandscapeLeft UIInterfaceOrientationLandscapeRight";
				INFOPLIST_KEY_UISupportedInterfaceOrientations_iPhone = "UIInterfaceOrientationPortrait UIInterfaceOrientationLandscapeLeft UIInterfaceOrientationLandscapeRight";
				LD_RUNPATH_SEARCH_PATHS = (
					"$(inherited)",
					"@executable_path/Frameworks",
				);
				MARKETING_VERSION = 1.0;
				PRODUCT_BUNDLE_IDENTIFIER = com.nackin.CPDevVM;
				PRODUCT_NAME = "$(TARGET_NAME)";
				SWIFT_EMIT_LOC_STRINGS = YES;
				SWIFT_OBJC_BRIDGING_HEADER = "Bridging-Header.h";
				SWIFT_VERSION = 5.0;
				TARGETED_DEVICE_FAMILY = "1,2";
			};
			name = Release;
		};
/* End XCBuildConfiguration section */

/* Begin XCConfigurationList section */
		9ACD153D285B9EFA001ABCEB /* Build configuration list for PBXProject "CPDevVM" */ = {
			isa = XCConfigurationList;
			buildConfigurations = (
				9ACD154E285B9EFC001ABCEB /* Debug */,
				9ACD154F285B9EFC001ABCEB /* Release */,
			);
			defaultConfigurationIsVisible = 0;
			defaultConfigurationName = Release;
		};
		9ACD1550285B9EFC001ABCEB /* Build configuration list for PBXNativeTarget "CPDevVM" */ = {
			isa = XCConfigurationList;
			buildConfigurations = (
				9ACD1551285B9EFC001ABCEB /* Debug */,
				9ACD1552285B9EFC001ABCEB /* Release */,
			);
			defaultConfigurationIsVisible = 0;
			defaultConfigurationName = Release;
		};
/* End XCConfigurationList section */
	};
	rootObject = 9ACD153A285B9EFA001ABCEB /* Project object */;
}
