// !$*UTF8*$!
{
	archiveVersion = 1;
	classes = {
	};
	objectVersion = 55;
	objects = {

/* Begin PBXBuildFile section */
		9AC525EE291E6A3C00C45F86 /* vm in Resources */ = {isa = PBXBuildFile; fileRef = 9AC525ED291E6A3C00C45F86 /* vm */; };
		9ACD1546285B9EFA001ABCEB /* CPDevVMApp.swift in Sources */ = {isa = PBXBuildFile; fileRef = 9ACD1545285B9EFA001ABCEB /* CPDevVMApp.swift */; };
		9ACD1548285B9EFA001ABCEB /* ContentView.swift in Sources */ = {isa = PBXBuildFile; fileRef = 9ACD1547285B9EFA001ABCEB /* ContentView.swift */; };
		9ACD154A285B9EFC001ABCEB /* Assets.xcassets in Resources */ = {isa = PBXBuildFile; fileRef = 9ACD1549285B9EFC001ABCEB /* Assets.xcassets */; };
		9ACD154D285B9EFC001ABCEB /* Preview Assets.xcassets in Resources */ = {isa = PBXBuildFile; fileRef = 9ACD154C285B9EFC001ABCEB /* Preview Assets.xcassets */; };
		9ACD1572285BAF1B001ABCEB /* DaneST.swift in Sources */ = {isa = PBXBuildFile; fileRef = 9ACD1571285BAF1B001ABCEB /* DaneST.swift */; };
		9AFB9A472927671700159BA6 /* SwiftVMFunc.swift in Sources */ = {isa = PBXBuildFile; fileRef = 9AFB9A462927671700159BA6 /* SwiftVMFunc.swift */; };
		9AFB9A4A2927698C00159BA6 /* interop2.mm in Sources */ = {isa = PBXBuildFile; fileRef = 9AFB9A492927698C00159BA6 /* interop2.mm */; };
		9AFB9A4C2927793C00159BA6 /* interop1.m in Sources */ = {isa = PBXBuildFile; fileRef = 9AFB9A4B2927793C00159BA6 /* interop1.m */; };
/* End PBXBuildFile section */

/* Begin PBXFileReference section */
		9AC525E7291E5E8000C45F86 /* Bridging-Header.h */ = {isa = PBXFileReference; explicitFileType = sourcecode.cpp.h; path = "Bridging-Header.h"; sourceTree = "<group>"; };
		9AC525ED291E6A3C00C45F86 /* vm */ = {isa = PBXFileReference; lastKnownFileType = folder; path = vm; sourceTree = "<group>"; };
		9ACD1542285B9EFA001ABCEB /* CPDevVM.app */ = {isa = PBXFileReference; explicitFileType = wrapper.application; includeInIndex = 0; path = CPDevVM.app; sourceTree = BUILT_PRODUCTS_DIR; };
		9ACD1545285B9EFA001ABCEB /* CPDevVMApp.swift */ = {isa = PBXFileReference; lastKnownFileType = sourcecode.swift; path = CPDevVMApp.swift; sourceTree = "<group>"; };
		9ACD1547285B9EFA001ABCEB /* ContentView.swift */ = {isa = PBXFileReference; lastKnownFileType = sourcecode.swift; path = ContentView.swift; sourceTree = "<group>"; };
		9ACD1549285B9EFC001ABCEB /* Assets.xcassets */ = {isa = PBXFileReference; lastKnownFileType = folder.assetcatalog; path = Assets.xcassets; sourceTree = "<group>"; };
		9ACD154C285B9EFC001ABCEB /* Preview Assets.xcassets */ = {isa = PBXFileReference; lastKnownFileType = folder.assetcatalog; path = "Preview Assets.xcassets"; sourceTree = "<group>"; };
		9ACD1571285BAF1B001ABCEB /* DaneST.swift */ = {isa = PBXFileReference; lastKnownFileType = sourcecode.swift; path = DaneST.swift; sourceTree = "<group>"; };
		9AFB9A462927671700159BA6 /* SwiftVMFunc.swift */ = {isa = PBXFileReference; lastKnownFileType = sourcecode.swift; path = SwiftVMFunc.swift; sourceTree = "<group>"; };
		9AFB9A492927698C00159BA6 /* interop2.mm */ = {isa = PBXFileReference; lastKnownFileType = sourcecode.cpp.objcpp; name = interop2.mm; path = CPDevVM/vm/interop2.mm; sourceTree = "<group>"; };
		9AFB9A4B2927793C00159BA6 /* interop1.m */ = {isa = PBXFileReference; lastKnownFileType = sourcecode.c.objc; name = interop1.m; path = CPDevVM/interop1.m; sourceTree = "<group>"; };
/* End PBXFileReference section */

/* Begin PBXFrameworksBuildPhase section */
		9ACD153F285B9EFA001ABCEB /* Frameworks */ = {
			isa = PBXFrameworksBuildPhase;
			buildActionMask = 2147483647;
			files = (
			);
			runOnlyForDeploymentPostprocessing = 0;
		};
/* End PBXFrameworksBuildPhase section */

/* Begin PBXGroup section */
		9ACD1539285B9EFA001ABCEB = {
			isa = PBXGroup;
			children = (
				9AFB9A4B2927793C00159BA6 /* interop1.m */,
				9AFB9A492927698C00159BA6 /* interop2.mm */,
				9AC525E7291E5E8000C45F86 /* Bridging-Header.h */,
				9ACD1544285B9EFA001ABCEB /* CPDevVM */,
				9ACD1543285B9EFA001ABCEB /* Products */,
			);
			sourceTree = "<group>";
		};
		9ACD1543285B9EFA001ABCEB /* Products */ = {
			isa = PBXGroup;
			children = (
				9ACD1542285B9EFA001ABCEB /* CPDevVM.app */,
			);
			name = Products;
			sourceTree = "<group>";
		};
		9ACD1544285B9EFA001ABCEB /* CPDevVM */ = {
			isa = PBXGroup;
			children = (
				9AC525ED291E6A3C00C45F86 /* vm */,
				9ACD1571285BAF1B001ABCEB /* DaneST.swift */,
				9ACD1545285B9EFA001ABCEB /* CPDevVMApp.swift */,
				9ACD1547285B9EFA001ABCEB /* ContentView.swift */,
				9ACD1549285B9EFC001ABCEB /* Assets.xcassets */,
				9ACD154B285B9EFC001ABCEB /* Preview Content */,
				9AFB9A462927671700159BA6 /* SwiftVMFunc.swift */,
			);
			path = CPDevVM;
			sourceTree = "<group>";
		};
		9ACD154B285B9EFC001ABCEB /* Preview Content */ = {
			isa = PBXGroup;
			children = (
				9ACD154C285B9EFC001ABCEB /* Preview Assets.xcassets */,
			);
			path = "Preview Content";
			sourceTree = "<group>";
		};
/* End PBXGroup section */

/* Begin PBXNativeTarget section */
		9ACD1541285B9EFA001ABCEB /* CPDevVM */ = {
			isa = PBXNativeTarget;
			buildConfigurationList = 9ACD1550285B9EFC001ABCEB /* Build configuration list for PBXNativeTarget "CPDevVM" */;
			buildPhases = (
				9ACD153E285B9EFA001ABCEB /* Sources */,
				9ACD153F285B9EFA001ABCEB /* Frameworks */,
				9ACD1540285B9EFA001ABCEB /* Resources */,
			);
			buildRules = (
			);
			dependencies = (
			);
			name = CPDevVM;
			productName = CPDevVM;
			productReference = 9ACD1542285B9EFA001ABCEB /* CPDevVM.app */;
			productType = "com.apple.product-type.application";
		};
/* End PBXNativeTarget section */

/* Begin PBXProject section */
		9ACD153A285B9EFA001ABCEB /* Project object */ = {
			isa = PBXProject;
			attributes = {
				BuildIndependentTargetsInParallel = 1;
				LastSwiftUpdateCheck = 1340;
				LastUpgradeCheck = 1340;
				TargetAttributes = {
					9ACD1541285B9EFA001ABCEB = {
						CreatedOnToolsVersion = 13.4.1;
					};
				};
			};
			buildConfigurationList = 9ACD153D285B9EFA001ABCEB /* Build configuration list for PBXProject "CPDevVM" */;
			compatibilityVersion = "Xcode 13.0";
			developmentRegion = en;
			hasScannedForEncodings = 0;
			knownRegions = (
				en,
				Base,
			);
			mainGroup = 9ACD1539285B9EFA001ABCEB;
			productRefGroup = 9ACD1543285B9EFA001ABCEB /* Products */;
			projectDirPath = "";
			projectRoot = "";
			targets = (
				9ACD1541285B9EFA001ABCEB /* CPDevVM */,
			);
		};
/* End PBXProject section */

/* Begin PBXResourcesBuildPhase section */
		9ACD1540285B9EFA001ABCEB /* Resources */ = {
			isa = PBXResourcesBuildPhase;
			buildActionMask = 2147483647;
			files = (
				9ACD154D285B9EFC001ABCEB /* Preview Assets.xcassets in Resources */,
				9AC525EE291E6A3C00C45F86 /* vm in Resources */,
				9ACD154A285B9EFC001ABCEB /* Assets.xcassets in Resources */,
			);
			runOnlyForDeploymentPostprocessing = 0;
		};
/* End PBXResourcesBuildPhase section */

/* Begin PBXSourcesBuildPhase section */
		9ACD153E285B9EFA001ABCEB /* Sources */ = {
			isa = PBXSourcesBuildPhase;
			buildActionMask = 2147483647;
			files = (
				9AFB9A472927671700159BA6 /* SwiftVMFunc.swift in Sources */,
				9ACD1548285B9EFA001ABCEB /* ContentView.swift in Sources */,
				9ACD1572285BAF1B001ABCEB /* DaneST.swift in Sources */,
				9ACD1546285B9EFA001ABCEB /* CPDevVMApp.swift in Sources */,
				9AFB9A4A2927698C00159BA6 /* interop2.mm in Sources */,
				9AFB9A4C2927793C00159BA6 /* interop1.m in Sources */,
			);
			runOnlyForDeploymentPostprocessing = 0;
		};
/* End PBXSourcesBuildPhase section */

/* Begin XCBuildConfiguration section */
		9ACD154E285B9EFC001ABCEB /* Debug */ = {
			isa = XCBuildConfiguration;
			buildSettings = {
				ALWAYS_SEARCH_USER_PATHS = NO;
				CLANG_ANALYZER_NONNULL = YES;
				CLANG_ANALYZER_NUMBER_OBJECT_CONVERSION = YES_AGGRESSIVE;
				CLANG_CXX_LANGUAGE_STANDARD = "gnu++17";
				CLANG_ENABLE_MODULES = YES;
				CLANG_ENABLE_OBJC_ARC = YES;
				CLANG_ENABLE_OBJC_WEAK = YES;
				CLANG_WARN_BLOCK_CAPTURE_AUTORELEASING = YES;
				CLANG_WARN_BOOL_CONVERSION = YES;
				CLANG_WARN_COMMA = YES;
				CLANG_WARN_CONSTANT_CONVERSION = YES;
				CLANG_WARN_DEPRECATED_OBJC_IMPLEMENTATIONS = YES;
				CLANG_WARN_DIRECT_OBJC_ISA_USAGE = YES_ERROR;
				CLANG_WARN_DOCUMENTATION_COMMENTS = YES;
				CLANG_WARN_EMPTY_BODY = YES;
				CLANG_WARN_ENUM_CONVERSION = YES;
				CLANG_WARN_INFINITE_RECURSION = YES;
				CLANG_WARN_INT_CONVERSION = YES;
				CLANG_WARN_NON_LITERAL_NULL_CONVERSION = YES;
				CLANG_WARN_OBJC_IMPLICIT_RETAIN_SELF = YES;
				CLANG_WARN_OBJC_LITERAL_CONVERSION = YES;
				CLANG_WARN_OBJC_ROOT_CLASS = YES_ERROR;
				CLANG_WARN_QUOTED_INCLUDE_IN_FRAMEWORK_HEADER = YES;
				CLANG_WARN_RANGE_LOOP_ANALYSIS = YES;
				CLANG_WARN_STRICT_PROTOTYPES = YES;
				CLANG_WARN_SUSPICIOUS_MOVE = YES;
				CLANG_WARN_UNGUARDED_AVAILABILITY = YES_AGGRESSIVE;
				CLANG_WARN_UNREACHABLE_CODE = YES;
				CLANG_WARN__DUPLICATE_METHOD_MATCH = YES;
				COPY_PHASE_STRIP = NO;
				DEBUG_INFORMATION_FORMAT = dwarf;
				ENABLE_STRICT_OBJC_MSGSEND = YES;
				ENABLE_TESTABILITY = YES;
				GCC_C_LANGUAGE_STANDARD = gnu11;
				GCC_DYNAMIC_NO_PIC = NO;
				GCC_NO_COMMON_BLOCKS = YES;
				GCC_OPTIMIZATION_LEVEL = 0;
				GCC_PREPROCESSOR_DEFINITIONS = (
					"DEBUG=1",
					"$(inherited)",
				);
				GCC_WARN_64_TO_32_BIT_CONVERSION = YES;
				GCC_WARN_ABOUT_RETURN_TYPE = YES_ERROR;
				GCC_WARN_UNDECLARED_SELECTOR = YES;
				GCC_WARN_UNINITIALIZED_AUTOS = YES_AGGRESSIVE;
				GCC_WARN_UNUSED_FUNCTION = YES;
				GCC_WARN_UNUSED_VARIABLE = YES;
				IPHONEOS_DEPLOYMENT_TARGET = 15.5;
				MTL_ENABLE_DEBUG_INFO = INCLUDE_SOURCE;
				MTL_FAST_MATH = YES;
				ONLY_ACTIVE_ARCH = YES;
				SDKROOT = iphoneos;
				SWIFT_ACTIVE_COMPILATION_CONDITIONS = DEBUG;
				SWIFT_OPTIMIZATION_LEVEL = "-Onone";
			};
			name = Debug;
		};
		9ACD154F285B9EFC001ABCEB /* Release */ = {
			isa = XCBuildConfiguration;
			buildSettings = {
				ALWAYS_SEARCH_USER_PATHS = NO;
				CLANG_ANALYZER_NONNULL = YES;
				CLANG_ANALYZER_NUMBER_OBJECT_CONVERSION = YES_AGGRESSIVE;
				CLANG_CXX_LANGUAGE_STANDARD = "gnu++17";
				CLANG_ENABLE_MODULES = YES;
				CLANG_ENABLE_OBJC_ARC = YES;
				CLANG_ENABLE_OBJC_WEAK = YES;
				CLANG_WARN_BLOCK_CAPTURE_AUTORELEASING = YES;
				CLANG_WARN_BOOL_CONVERSION = YES;
				CLANG_WARN_COMMA = YES;
				CLANG_WARN_CONSTANT_CONVERSION = YES;
				CLANG_WARN_DEPRECATED_OBJC_IMPLEMENTATIONS = YES;
				CLANG_WARN_DIRECT_OBJC_ISA_USAGE = YES_ERROR;
				CLANG_WARN_DOCUMENTATION_COMMENTS = YES;
				CLANG_WARN_EMPTY_BODY = YES;
				CLANG_WARN_ENUM_CONVERSION = YES;
				CLANG_WARN_INFINITE_RECURSION = YES;
				CLANG_WARN_INT_CONVERSION = YES;
				CLANG_WARN_NON_LITERAL_NULL_CONVERSION = YES;
				CLANG_WARN_OBJC_IMPLICIT_RETAIN_SELF = YES;
				CLANG_WARN_OBJC_LITERAL_CONVERSION = YES;
				CLANG_WARN_OBJC_ROOT_CLASS = YES_ERROR;
				CLANG_WARN_QUOTED_INCLUDE_IN_FRAMEWORK_HEADER = YES;
				CLANG_WARN_RANGE_LOOP_ANALYSIS = YES;
				CLANG_WARN_STRICT_PROTOTYPES = YES;
				CLANG_WARN_SUSPICIOUS_MOVE = YES;
				CLANG_WARN_UNGUARDED_AVAILABILITY = YES_AGGRESSIVE;
				CLANG_WARN_UNREACHABLE_CODE = YES;
				CLANG_WARN__DUPLICATE_METHOD_MATCH = YES;
				COPY_PHASE_STRIP = NO;
				DEBUG_INFORMATION_FORMAT = "dwarf-with-dsym";
				ENABLE_NS_ASSERTIONS = NO;
				ENABLE_STRICT_OBJC_MSGSEND = YES;
				GCC_C_LANGUAGE_STANDARD = gnu11;
				GCC_NO_COMMON_BLOCKS = YES;
				GCC_WARN_64_TO_32_BIT_CONVERSION = YES;
				GCC_WARN_ABOUT_RETURN_TYPE = YES_ERROR;
				GCC_WARN_UNDECLARED_SELECTOR = YES;
				GCC_WARN_UNINITIALIZED_AUTOS = YES_AGGRESSIVE;
				GCC_WARN_UNUSED_FUNCTION = YES;
				GCC_WARN_UNUSED_VARIABLE = YES;
				IPHONEOS_DEPLOYMENT_TARGET = 15.5;
				MTL_ENABLE_DEBUG_INFO = NO;
				MTL_FAST_MATH = YES;
				SDKROOT = iphoneos;
				SWIFT_COMPILATION_MODE = wholemodule;
				SWIFT_OPTIMIZATION_LEVEL = "-O";
				VALIDATE_PRODUCT = YES;
			};
			name = Release;
		};
		9ACD1551285B9EFC001ABCEB /* Debug */ = {
			isa = XCBuildConfiguration;
			buildSettings = {
				ASSETCATALOG_COMPILER_APPICON_NAME = AppIcon;
				ASSETCATALOG_COMPILER_GLOBAL_ACCENT_COLOR_NAME = AccentColor;
				CODE_SIGN_STYLE = Automatic;
				CURRENT_PROJECT_VERSION = 1;
				DEVELOPMENT_ASSET_PATHS = "\"CPDevVM/Preview Content\"";
				ENABLE_PREVIEWS = YES;
				GENERATE_INFOPLIST_FILE = YES;
				INFOPLIST_KEY_UIApplicationSceneManifest_Generation = YES;
				INFOPLIST_KEY_UIApplicationSupportsIndirectInputEvents = YES;
				INFOPLIST_KEY_UILaunchScreen_Generation = YES;
				INFOPLIST_KEY_UISupportedInterfaceOrientations_iPad = "UIInterfaceOrientationPortrait UIInterfaceOrientationPortraitUpsideDown UIInterfaceOrientationLandscapeLeft UIInterfaceOrientationLandscapeRight";
				INFOPLIST_KEY_UISupportedInterfaceOrientations_iPhone = "UIInterfaceOrientationPortrait UIInterfaceOrientationLandscapeLeft UIInterfaceOrientationLandscapeRight";
				LD_RUNPATH_SEARCH_PATHS = (
					"$(inherited)",
					"@executable_path/Frameworks",
				);
				MARKETING_VERSION = 1.0;
				PRODUCT_BUNDLE_IDENTIFIER = com.nackin.CPDevVM;
				PRODUCT_NAME = "$(TARGET_NAME)";
				SWIFT_EMIT_LOC_STRINGS = YES;
				SWIFT_OBJC_BRIDGING_HEADER = "Bridging-Header.h";
				SWIFT_VERSION = 5.0;
				TARGETED_DEVICE_FAMILY = "1,2";
			};
			name = Debug;
		};
		9ACD1552285B9EFC001ABCEB /* Release */ = {
			isa = XCBuildConfiguration;
			buildSettings = {
				ASSETCATALOG_COMPILER_APPICON_NAME = AppIcon;
				ASSETCATALOG_COMPILER_GLOBAL_ACCENT_COLOR_NAME = AccentColor;
				CODE_SIGN_STYLE = Automatic;
				CURRENT_PROJECT_VERSION = 1;
				DEVELOPMENT_ASSET_PATHS = "\"CPDevVM/Preview Content\"";
				ENABLE_PREVIEWS = YES;
				GENERATE_INFOPLIST_FILE = YES;
				INFOPLIST_KEY_UIApplicationSceneManifest_Generation = YES;
				INFOPLIST_KEY_UIApplicationSupportsIndirectInputEvents = YES;
				INFOPLIST_KEY_UILaunchScreen_Generation = YES;
				INFOPLIST_KEY_UISupportedInterfaceOrientations_iPad = "UIInterfaceOrientationPortrait UIInterfaceOrientationPortraitUpsideDown UIInterfaceOrientationLandscapeLeft UIInterfaceOrientationLandscapeRight";
				INFOPLIST_KEY_UISupportedInterfaceOrientations_iPhone = "UIInterfaceOrientationPortrait UIInterfaceOrientationLandscapeLeft UIInterfaceOrientationLandscapeRight";
				LD_RUNPATH_SEARCH_PATHS = (
					"$(inherited)",
					"@executable_path/Frameworks",
				);
				MARKETING_VERSION = 1.0;
				PRODUCT_BUNDLE_IDENTIFIER = com.nackin.CPDevVM;
				PRODUCT_NAME = "$(TARGET_NAME)";
				SWIFT_EMIT_LOC_STRINGS = YES;
				SWIFT_OBJC_BRIDGING_HEADER = "Bridging-Header.h";
				SWIFT_VERSION = 5.0;
				TARGETED_DEVICE_FAMILY = "1,2";
			};
			name = Release;
		};
/* End XCBuildConfiguration section */

/* Begin XCConfigurationList section */
		9ACD153D285B9EFA001ABCEB /* Build configuration list for PBXProject "CPDevVM" */ = {
			isa = XCConfigurationList;
			buildConfigurations = (
				9ACD154E285B9EFC001ABCEB /* Debug */,
				9ACD154F285B9EFC001ABCEB /* Release */,
			);
			defaultConfigurationIsVisible = 0;
			defaultConfigurationName = Release;
		};
		9ACD1550285B9EFC001ABCEB /* Build configuration list for PBXNativeTarget "CPDevVM" */ = {
			isa = XCConfigurationList;
			buildConfigurations = (
				9ACD1551285B9EFC001ABCEB /* Debug */,
				9ACD1552285B9EFC001ABCEB /* Release */,
			);
			defaultConfigurationIsVisible = 0;
			defaultConfigurationName = Release;
		};
/* End XCConfigurationList section */
	};
	rootObject = 9ACD153A285B9EFA001ABCEB /* Project object */;
}
